
Microsoft Visual Studio Solution File, Format Version 12.00
# Visual Studio Version 16
VisualStudioVersion = 16.0.28711.60
MinimumVisualStudioVersion = 10.0.40219.1
Project("{9A19103F-16F7-4668-BE54-9A1E7A4F7556}") = "FunctionMonkey.Abstractions", "Source\FunctionMonkey.Abstractions\FunctionMonkey.Abstractions.csproj", "{964DB972-B1A6-4434-AB1C-ED716B8987B1}"
EndProject
Project("{9A19103F-16F7-4668-BE54-9A1E7A4F7556}") = "FunctionMonkey", "Source\FunctionMonkey\FunctionMonkey.csproj", "{00C320CE-2748-45CC-BF49-448A8A5B7985}"
EndProject
Project("{9A19103F-16F7-4668-BE54-9A1E7A4F7556}") = "FunctionMonkey.FluentValidation", "Source\FunctionMonkey.FluentValidation\FunctionMonkey.FluentValidation.csproj", "{F7D7FC60-F231-4091-8790-90C4CF5DBE58}"
EndProject
Project("{9A19103F-16F7-4668-BE54-9A1E7A4F7556}") = "FunctionMonkey.Compiler", "Source\FunctionMonkey.Compiler\FunctionMonkey.Compiler.csproj", "{ABD675D4-16F1-4F52-ADDD-08423B0661EC}"
EndProject
Project("{2150E333-8FDC-42A3-9474-1A3956D46DE8}") = "Exemplars", "Exemplars", "{10A5583E-963C-43DE-9A02-A09BED715FEB}"
EndProject
Project("{9A19103F-16F7-4668-BE54-9A1E7A4F7556}") = "StandardFunctions", "Exemplars\StandardFunctions\StandardFunctions.csproj", "{BF9EB696-D652-4E75-8D30-A77D6238BEF2}"
EndProject
Project("{9A19103F-16F7-4668-BE54-9A1E7A4F7556}") = "FunctionMonkey.Commanding.Abstractions", "Source\FunctionMonkey.Commanding.Abstractions\FunctionMonkey.Commanding.Abstractions.csproj", "{4ECCEA2B-AC04-42F9-882E-E615641D3418}"
EndProject
Project("{2150E333-8FDC-42A3-9474-1A3956D46DE8}") = "Tests", "Tests", "{68C555D0-6537-4D5B-B36C-E62F34F5E890}"
EndProject
Project("{9A19103F-16F7-4668-BE54-9A1E7A4F7556}") = "GettingStartedSample", "Samples\DocumentationSamples\GettingStartedSample\GettingStartedSample.csproj", "{DCFF70AD-24C9-451D-9A9E-CBD70B87B4B2}"
EndProject
Project("{9A19103F-16F7-4668-BE54-9A1E7A4F7556}") = "ServiceBusSample", "Samples\DocumentationSamples\ServiceBusSample\ServiceBusSample.csproj", "{33FFFEC6-9C74-4849-B3F0-1E3F7E804475}"
EndProject
Project("{9A19103F-16F7-4668-BE54-9A1E7A4F7556}") = "RestApiSample", "Samples\DocumentationSamples\RestApiSample\RestApiSample.csproj", "{A9F41F67-7491-4F56-A20F-A07C65CEE94F}"
EndProject
Project("{2150E333-8FDC-42A3-9474-1A3956D46DE8}") = "DocumentationSamples", "DocumentationSamples", "{CB492EF3-6255-4528-8978-0D0974B7F081}"
EndProject
Project("{2150E333-8FDC-42A3-9474-1A3956D46DE8}") = "Scratch", "Scratch", "{4C5AD0FE-C42D-46CD-ADF3-D51356E04F6B}"
EndProject
Project("{9A19103F-16F7-4668-BE54-9A1E7A4F7556}") = "SwaggerBuildOut", "Samples\Scratch\SwaggerBuildOut\SwaggerBuildOut.csproj", "{488F92CA-6DEC-4E33-A517-167CF6BD02E1}"
EndProject
Project("{9A19103F-16F7-4668-BE54-9A1E7A4F7556}") = "ExternalTypes", "Samples\Scratch\ExternalTypes\ExternalTypes.csproj", "{AB465B8B-B8DB-47A8-8403-B269FD984B6E}"
EndProject
Project("{9A19103F-16F7-4668-BE54-9A1E7A4F7556}") = "IndirectExternalTypes", "Samples\Scratch\IndirectExternalTypes\IndirectExternalTypes.csproj", "{9AA9A741-775E-4E68-B838-3FE2F4BC8EA6}"
EndProject
Project("{9A19103F-16F7-4668-BE54-9A1E7A4F7556}") = "FunctionMonkey.Commanding.Cosmos.Abstractions", "Source\FunctionMonkey.Commanding.Cosmos.Abstractions\FunctionMonkey.Commanding.Cosmos.Abstractions.csproj", "{33204395-FEAB-4E41-B6D7-B358397A82B8}"
EndProject
Project("{9A19103F-16F7-4668-BE54-9A1E7A4F7556}") = "NetCore21Example", "Samples\NetCore21Example\NetCore21Example.csproj", "{26B0ED78-AF78-48CD-B20D-D020A134469A}"
EndProject
Project("{9A19103F-16F7-4668-BE54-9A1E7A4F7556}") = "FunctionMonkey.Testing", "Source\FunctionMonkey.Testing\FunctionMonkey.Testing.csproj", "{3B52E223-5530-4F25-85A0-ADFB9AFFB309}"
EndProject
Project("{9A19103F-16F7-4668-BE54-9A1E7A4F7556}") = "FunctionMonkey.Tests.Integration.Functions", "Tests\FunctionMonkey.Tests.Integration.Functions\FunctionMonkey.Tests.Integration.Functions.csproj", "{8A4152AF-B172-4E9C-A339-3CCA128D5C13}"
EndProject
Project("{9A19103F-16F7-4668-BE54-9A1E7A4F7556}") = "FunctionMonkey.Testing.Tests", "FunctionMonkey.Testing.Tests\FunctionMonkey.Testing.Tests.csproj", "{5E41705F-CBB4-4426-8FA5-18AD8A41CD2B}"
EndProject
Project("{9A19103F-16F7-4668-BE54-9A1E7A4F7556}") = "OutputTriggerSample", "Samples\OutputTriggerSample\OutputTriggerSample.csproj", "{2768AE8A-32AA-4B79-8E77-D47FA1931F2E}"
EndProject
Project("{9A19103F-16F7-4668-BE54-9A1E7A4F7556}") = "FunctionMonkey.SignalR", "Source\FunctionMonkey.SignalR\FunctionMonkey.SignalR.csproj", "{30B41F72-840D-4C42-891D-46484836F13A}"
EndProject
Project("{9A19103F-16F7-4668-BE54-9A1E7A4F7556}") = "FunctionMonkey.Tests.Integration", "Tests\FunctionMonkey.Tests.Integration\FunctionMonkey.Tests.Integration.csproj", "{00E4E907-FEF9-4124-A5AA-02E9078D2EF9}"
EndProject
Project("{9A19103F-16F7-4668-BE54-9A1E7A4F7556}") = "FunctionMonkey.Tests.Unit", "Tests\FunctionMonkey.Tests.Unit\FunctionMonkey.Tests.Unit.csproj", "{95B5D5E2-3713-42A2-8AB9-689F9E06BE62}"
EndProject
Project("{9A19103F-16F7-4668-BE54-9A1E7A4F7556}") = "FunctionMonkey.TokenValidator", "Source\FunctionMonkey.TokenValidator\FunctionMonkey.TokenValidator.csproj", "{8F86226B-3E2B-4ED1-B05C-E698728B7638}"
EndProject
Project("{9A19103F-16F7-4668-BE54-9A1E7A4F7556}") = "FunctionMonkey.Tests.DependencyInjection", "Tests\FunctionMonkey.Tests.DependencyInjection\FunctionMonkey.Tests.DependencyInjection.csproj", "{DB2E1FDE-4492-49BD-BE61-F2B59660EB27}"
EndProject
Global
	GlobalSection(SolutionConfigurationPlatforms) = preSolution
		Debug|Any CPU = Debug|Any CPU
		Release|Any CPU = Release|Any CPU
	EndGlobalSection
	GlobalSection(ProjectConfigurationPlatforms) = postSolution
		{964DB972-B1A6-4434-AB1C-ED716B8987B1}.Debug|Any CPU.ActiveCfg = Debug|Any CPU
		{964DB972-B1A6-4434-AB1C-ED716B8987B1}.Debug|Any CPU.Build.0 = Debug|Any CPU
		{964DB972-B1A6-4434-AB1C-ED716B8987B1}.Release|Any CPU.ActiveCfg = Release|Any CPU
		{964DB972-B1A6-4434-AB1C-ED716B8987B1}.Release|Any CPU.Build.0 = Release|Any CPU
		{00C320CE-2748-45CC-BF49-448A8A5B7985}.Debug|Any CPU.ActiveCfg = Debug|Any CPU
		{00C320CE-2748-45CC-BF49-448A8A5B7985}.Debug|Any CPU.Build.0 = Debug|Any CPU
		{00C320CE-2748-45CC-BF49-448A8A5B7985}.Release|Any CPU.ActiveCfg = Release|Any CPU
		{00C320CE-2748-45CC-BF49-448A8A5B7985}.Release|Any CPU.Build.0 = Release|Any CPU
		{F7D7FC60-F231-4091-8790-90C4CF5DBE58}.Debug|Any CPU.ActiveCfg = Debug|Any CPU
		{F7D7FC60-F231-4091-8790-90C4CF5DBE58}.Debug|Any CPU.Build.0 = Debug|Any CPU
		{F7D7FC60-F231-4091-8790-90C4CF5DBE58}.Release|Any CPU.ActiveCfg = Release|Any CPU
		{F7D7FC60-F231-4091-8790-90C4CF5DBE58}.Release|Any CPU.Build.0 = Release|Any CPU
		{ABD675D4-16F1-4F52-ADDD-08423B0661EC}.Debug|Any CPU.ActiveCfg = Debug|Any CPU
		{ABD675D4-16F1-4F52-ADDD-08423B0661EC}.Debug|Any CPU.Build.0 = Debug|Any CPU
		{ABD675D4-16F1-4F52-ADDD-08423B0661EC}.Release|Any CPU.ActiveCfg = Release|Any CPU
		{ABD675D4-16F1-4F52-ADDD-08423B0661EC}.Release|Any CPU.Build.0 = Release|Any CPU
		{BF9EB696-D652-4E75-8D30-A77D6238BEF2}.Debug|Any CPU.ActiveCfg = Debug|Any CPU
		{BF9EB696-D652-4E75-8D30-A77D6238BEF2}.Release|Any CPU.ActiveCfg = Release|Any CPU
		{BF9EB696-D652-4E75-8D30-A77D6238BEF2}.Release|Any CPU.Build.0 = Release|Any CPU
		{4ECCEA2B-AC04-42F9-882E-E615641D3418}.Debug|Any CPU.ActiveCfg = Debug|Any CPU
		{4ECCEA2B-AC04-42F9-882E-E615641D3418}.Debug|Any CPU.Build.0 = Debug|Any CPU
		{4ECCEA2B-AC04-42F9-882E-E615641D3418}.Release|Any CPU.ActiveCfg = Release|Any CPU
		{4ECCEA2B-AC04-42F9-882E-E615641D3418}.Release|Any CPU.Build.0 = Release|Any CPU
		{DCFF70AD-24C9-451D-9A9E-CBD70B87B4B2}.Debug|Any CPU.ActiveCfg = Debug|Any CPU
		{DCFF70AD-24C9-451D-9A9E-CBD70B87B4B2}.Release|Any CPU.ActiveCfg = Release|Any CPU
		{DCFF70AD-24C9-451D-9A9E-CBD70B87B4B2}.Release|Any CPU.Build.0 = Release|Any CPU
		{33FFFEC6-9C74-4849-B3F0-1E3F7E804475}.Debug|Any CPU.ActiveCfg = Debug|Any CPU
		{33FFFEC6-9C74-4849-B3F0-1E3F7E804475}.Release|Any CPU.ActiveCfg = Release|Any CPU
		{33FFFEC6-9C74-4849-B3F0-1E3F7E804475}.Release|Any CPU.Build.0 = Release|Any CPU
		{A9F41F67-7491-4F56-A20F-A07C65CEE94F}.Debug|Any CPU.ActiveCfg = Debug|Any CPU
		{A9F41F67-7491-4F56-A20F-A07C65CEE94F}.Release|Any CPU.ActiveCfg = Release|Any CPU
		{A9F41F67-7491-4F56-A20F-A07C65CEE94F}.Release|Any CPU.Build.0 = Release|Any CPU
		{488F92CA-6DEC-4E33-A517-167CF6BD02E1}.Debug|Any CPU.ActiveCfg = Debug|Any CPU
		{488F92CA-6DEC-4E33-A517-167CF6BD02E1}.Release|Any CPU.ActiveCfg = Release|Any CPU
		{488F92CA-6DEC-4E33-A517-167CF6BD02E1}.Release|Any CPU.Build.0 = Release|Any CPU
		{AB465B8B-B8DB-47A8-8403-B269FD984B6E}.Debug|Any CPU.ActiveCfg = Debug|Any CPU
		{AB465B8B-B8DB-47A8-8403-B269FD984B6E}.Debug|Any CPU.Build.0 = Debug|Any CPU
		{AB465B8B-B8DB-47A8-8403-B269FD984B6E}.Release|Any CPU.ActiveCfg = Release|Any CPU
		{AB465B8B-B8DB-47A8-8403-B269FD984B6E}.Release|Any CPU.Build.0 = Release|Any CPU
		{9AA9A741-775E-4E68-B838-3FE2F4BC8EA6}.Debug|Any CPU.ActiveCfg = Debug|Any CPU
		{9AA9A741-775E-4E68-B838-3FE2F4BC8EA6}.Debug|Any CPU.Build.0 = Debug|Any CPU
		{9AA9A741-775E-4E68-B838-3FE2F4BC8EA6}.Release|Any CPU.ActiveCfg = Release|Any CPU
		{9AA9A741-775E-4E68-B838-3FE2F4BC8EA6}.Release|Any CPU.Build.0 = Release|Any CPU
		{33204395-FEAB-4E41-B6D7-B358397A82B8}.Debug|Any CPU.ActiveCfg = Debug|Any CPU
		{33204395-FEAB-4E41-B6D7-B358397A82B8}.Debug|Any CPU.Build.0 = Debug|Any CPU
		{33204395-FEAB-4E41-B6D7-B358397A82B8}.Release|Any CPU.ActiveCfg = Release|Any CPU
		{33204395-FEAB-4E41-B6D7-B358397A82B8}.Release|Any CPU.Build.0 = Release|Any CPU
		{26B0ED78-AF78-48CD-B20D-D020A134469A}.Debug|Any CPU.ActiveCfg = Debug|Any CPU
		{26B0ED78-AF78-48CD-B20D-D020A134469A}.Release|Any CPU.ActiveCfg = Release|Any CPU
		{26B0ED78-AF78-48CD-B20D-D020A134469A}.Release|Any CPU.Build.0 = Release|Any CPU
		{3B52E223-5530-4F25-85A0-ADFB9AFFB309}.Debug|Any CPU.ActiveCfg = Debug|Any CPU
		{3B52E223-5530-4F25-85A0-ADFB9AFFB309}.Debug|Any CPU.Build.0 = Debug|Any CPU
		{3B52E223-5530-4F25-85A0-ADFB9AFFB309}.Release|Any CPU.ActiveCfg = Release|Any CPU
		{3B52E223-5530-4F25-85A0-ADFB9AFFB309}.Release|Any CPU.Build.0 = Release|Any CPU
		{8A4152AF-B172-4E9C-A339-3CCA128D5C13}.Debug|Any CPU.ActiveCfg = Debug|Any CPU
		{8A4152AF-B172-4E9C-A339-3CCA128D5C13}.Debug|Any CPU.Build.0 = Debug|Any CPU
		{8A4152AF-B172-4E9C-A339-3CCA128D5C13}.Release|Any CPU.ActiveCfg = Release|Any CPU
		{8A4152AF-B172-4E9C-A339-3CCA128D5C13}.Release|Any CPU.Build.0 = Release|Any CPU
		{5E41705F-CBB4-4426-8FA5-18AD8A41CD2B}.Debug|Any CPU.ActiveCfg = Debug|Any CPU
		{5E41705F-CBB4-4426-8FA5-18AD8A41CD2B}.Debug|Any CPU.Build.0 = Debug|Any CPU
		{5E41705F-CBB4-4426-8FA5-18AD8A41CD2B}.Release|Any CPU.ActiveCfg = Release|Any CPU
		{5E41705F-CBB4-4426-8FA5-18AD8A41CD2B}.Release|Any CPU.Build.0 = Release|Any CPU
		{2768AE8A-32AA-4B79-8E77-D47FA1931F2E}.Debug|Any CPU.ActiveCfg = Debug|Any CPU
		{2768AE8A-32AA-4B79-8E77-D47FA1931F2E}.Debug|Any CPU.Build.0 = Debug|Any CPU
		{2768AE8A-32AA-4B79-8E77-D47FA1931F2E}.Release|Any CPU.ActiveCfg = Release|Any CPU
		{2768AE8A-32AA-4B79-8E77-D47FA1931F2E}.Release|Any CPU.Build.0 = Release|Any CPU
		{30B41F72-840D-4C42-891D-46484836F13A}.Debug|Any CPU.ActiveCfg = Debug|Any CPU
		{30B41F72-840D-4C42-891D-46484836F13A}.Debug|Any CPU.Build.0 = Debug|Any CPU
		{30B41F72-840D-4C42-891D-46484836F13A}.Release|Any CPU.ActiveCfg = Release|Any CPU
		{30B41F72-840D-4C42-891D-46484836F13A}.Release|Any CPU.Build.0 = Release|Any CPU
		{00E4E907-FEF9-4124-A5AA-02E9078D2EF9}.Debug|Any CPU.ActiveCfg = Debug|Any CPU
		{00E4E907-FEF9-4124-A5AA-02E9078D2EF9}.Debug|Any CPU.Build.0 = Debug|Any CPU
		{00E4E907-FEF9-4124-A5AA-02E9078D2EF9}.Release|Any CPU.ActiveCfg = Release|Any CPU
		{00E4E907-FEF9-4124-A5AA-02E9078D2EF9}.Release|Any CPU.Build.0 = Release|Any CPU
		{95B5D5E2-3713-42A2-8AB9-689F9E06BE62}.Debug|Any CPU.ActiveCfg = Debug|Any CPU
		{95B5D5E2-3713-42A2-8AB9-689F9E06BE62}.Debug|Any CPU.Build.0 = Debug|Any CPU
		{95B5D5E2-3713-42A2-8AB9-689F9E06BE62}.Release|Any CPU.ActiveCfg = Release|Any CPU
		{95B5D5E2-3713-42A2-8AB9-689F9E06BE62}.Release|Any CPU.Build.0 = Release|Any CPU
		{8F86226B-3E2B-4ED1-B05C-E698728B7638}.Debug|Any CPU.ActiveCfg = Debug|Any CPU
		{8F86226B-3E2B-4ED1-B05C-E698728B7638}.Debug|Any CPU.Build.0 = Debug|Any CPU
		{8F86226B-3E2B-4ED1-B05C-E698728B7638}.Release|Any CPU.ActiveCfg = Release|Any CPU
		{8F86226B-3E2B-4ED1-B05C-E698728B7638}.Release|Any CPU.Build.0 = Release|Any CPU
		{DB2E1FDE-4492-49BD-BE61-F2B59660EB27}.Debug|Any CPU.ActiveCfg = Debug|Any CPU
		{DB2E1FDE-4492-49BD-BE61-F2B59660EB27}.Debug|Any CPU.Build.0 = Debug|Any CPU
		{DB2E1FDE-4492-49BD-BE61-F2B59660EB27}.Release|Any CPU.ActiveCfg = Release|Any CPU
		{DB2E1FDE-4492-49BD-BE61-F2B59660EB27}.Release|Any CPU.Build.0 = Release|Any CPU
	EndGlobalSection
	GlobalSection(SolutionProperties) = preSolution
		HideSolutionNode = FALSE
	EndGlobalSection
	GlobalSection(NestedProjects) = preSolution
		{BF9EB696-D652-4E75-8D30-A77D6238BEF2} = {10A5583E-963C-43DE-9A02-A09BED715FEB}
		{DCFF70AD-24C9-451D-9A9E-CBD70B87B4B2} = {CB492EF3-6255-4528-8978-0D0974B7F081}
		{33FFFEC6-9C74-4849-B3F0-1E3F7E804475} = {CB492EF3-6255-4528-8978-0D0974B7F081}
		{A9F41F67-7491-4F56-A20F-A07C65CEE94F} = {CB492EF3-6255-4528-8978-0D0974B7F081}
		{488F92CA-6DEC-4E33-A517-167CF6BD02E1} = {4C5AD0FE-C42D-46CD-ADF3-D51356E04F6B}
		{AB465B8B-B8DB-47A8-8403-B269FD984B6E} = {4C5AD0FE-C42D-46CD-ADF3-D51356E04F6B}
		{9AA9A741-775E-4E68-B838-3FE2F4BC8EA6} = {4C5AD0FE-C42D-46CD-ADF3-D51356E04F6B}
		{26B0ED78-AF78-48CD-B20D-D020A134469A} = {4C5AD0FE-C42D-46CD-ADF3-D51356E04F6B}
		{8A4152AF-B172-4E9C-A339-3CCA128D5C13} = {68C555D0-6537-4D5B-B36C-E62F34F5E890}
		{5E41705F-CBB4-4426-8FA5-18AD8A41CD2B} = {68C555D0-6537-4D5B-B36C-E62F34F5E890}
		{2768AE8A-32AA-4B79-8E77-D47FA1931F2E} = {CB492EF3-6255-4528-8978-0D0974B7F081}
		{00E4E907-FEF9-4124-A5AA-02E9078D2EF9} = {68C555D0-6537-4D5B-B36C-E62F34F5E890}
		{95B5D5E2-3713-42A2-8AB9-689F9E06BE62} = {68C555D0-6537-4D5B-B36C-E62F34F5E890}
		{DB2E1FDE-4492-49BD-BE61-F2B59660EB27} = {68C555D0-6537-4D5B-B36C-E62F34F5E890}
	EndGlobalSection
	GlobalSection(ExtensibilityGlobals) = postSolution
		SolutionGuid = {C9ABA812-671D-4486-B9D8-4F16D4BE11BD}
	EndGlobalSection
EndGlobal
