{
  "requires": true,
  "lockfileVersion": 1,
  "dependencies": {
    "swagger-ui-dist": {
      "version": "3.20.0",
      "resolved": "https://registry.npmjs.org/swagger-ui-dist/-/swagger-ui-dist-3.20.0.tgz",
      "integrity": "sha512-OOQep/BozOzF5H6Pa1T3SZW/kJ4M1kRyaq0TKtXRAwiZVgTWDbE8We/bx4Yq+FT1Em748U9UZco7Lum0PrKjRw=="
    }
  }
}
