
Microsoft Visual Studio Solution File, Format Version 12.00
# Visual Studio 15
VisualStudioVersion = 15.0.28307.489
MinimumVisualStudioVersion = 10.0.40219.1
Project("{9A19103F-16F7-4668-BE54-9A1E7A4F7556}") = "FunctionMonkey.Tests.Integration", "FunctionMonkey.Tests.Integration.csproj", "{35D351DA-A4CD-442B-9121-816F303610FA}"
EndProject
Global
	GlobalSection(SolutionConfigurationPlatforms) = preSolution
		Debug|Any CPU = Debug|Any CPU
		Release|Any CPU = Release|Any CPU
	EndGlobalSection
	GlobalSection(ProjectConfigurationPlatforms) = postSolution
		{35D351DA-A4CD-442B-9121-816F303610FA}.Debug|Any CPU.ActiveCfg = Debug|Any CPU
		{35D351DA-A4CD-442B-9121-816F303610FA}.Debug|Any CPU.Build.0 = Debug|Any CPU
		{35D351DA-A4CD-442B-9121-816F303610FA}.Release|Any CPU.ActiveCfg = Release|Any CPU
		{35D351DA-A4CD-442B-9121-816F303610FA}.Release|Any CPU.Build.0 = Release|Any CPU
	EndGlobalSection
	GlobalSection(SolutionProperties) = preSolution
		HideSolutionNode = FALSE
	EndGlobalSection
	GlobalSection(ExtensibilityGlobals) = postSolution
		SolutionGuid = {245BAEF9-50FA-4350-B93B-AA3EEB441CBD}
	EndGlobalSection
EndGlobal
