# THIS IS AN AUTOGENERATED FILE. DO NOT EDIT THIS FILE DIRECTLY.
# yarn lockfile v1


swagger-ui-dist@^3.14.2:
  version "3.24.3"
  resolved "https://registry.yarnpkg.com/swagger-ui-dist/-/swagger-ui-dist-3.24.3.tgz#99754d11b0ddd314a1a50db850acb415e4b0a0c6"
  integrity sha512-kB8qobP42Xazaym7sD9g5mZuRL4416VIIYZMqPEIskkzKqbPLQGEiHA3ga31bdzyzFLgr6Z797+6X1Am6zYpbg==
