# THIS IS AN AUTOGENERATED FILE. DO NOT EDIT THIS FILE DIRECTLY.
# yarn lockfile v1


swagger-ui-dist@^4.1.3:
  version "4.1.3"
  resolved "https://registry.yarnpkg.com/swagger-ui-dist/-/swagger-ui-dist-4.1.3.tgz#2be9f9de9b5c19132fa4a5e40933058c151563dc"
  integrity sha512-WvfPSfAAMlE/sKS6YkW47nX/hA7StmhYnAHc6wWCXNL0oclwLj6UXv0hQCkLnDgvebi0MEV40SJJpVjKUgH1IQ==
